github.com/wzhyyds123/golibrary v0.0.0-20220824074645-5bb473fc50dd h1:Cl6ez815iQXrQfooRP4SGigutEKQZ/bMpKDYM+qvWhU=
github.com/wzhyyds123/golibrary v0.0.0-20220824074645-5bb473fc50dd/go.mod h1:RlbKcc7Y5rH54AU6SClgLp0f0vT/uvmHVlCB1x3yEDY=
github.com/wzhyyds123/golibrary v0.0.0-20220824084113-271802f8b528 h1:NBMofzCARNs5sCmt7MZw/acLPTEqJykGSCSg6gqf+Lo=
github.com/wzhyyds123/golibrary v0.0.0-20220824084113-271802f8b528/go.mod h1:RlbKcc7Y5rH54AU6SClgLp0f0vT/uvmHVlCB1x3yEDY=
